// !$*UTF8*$!
{
	archiveVersion = 1;
	classes = {
	};
	objectVersion = 50;
	objects = {

/* Begin PBXBuildFile section */
		C2B64D0226D3F4CE00246414 /* AppDelegate.swift in Sources */ = {isa = PBXBuildFile; fileRef = C2B64D0126D3F4CE00246414 /* AppDelegate.swift */; };
		C2B64D0426D3F4CE00246414 /* SceneDelegate.swift in Sources */ = {isa = PBXBuildFile; fileRef = C2B64D0326D3F4CE00246414 /* SceneDelegate.swift */; };
		C2B64D0626D3F4CE00246414 /* ContentView.swift in Sources */ = {isa = PBXBuildFile; fileRef = C2B64D0526D3F4CE00246414 /* ContentView.swift */; };
		C2B64D0826D3F4CF00246414 /* Assets.xcassets in Resources */ = {isa = PBXBuildFile; fileRef = C2B64D0726D3F4CF00246414 /* Assets.xcassets */; };
		C2B64D0B26D3F4CF00246414 /* Preview Assets.xcassets in Resources */ = {isa = PBXBuildFile; fileRef = C2B64D0A26D3F4CF00246414 /* Preview Assets.xcassets */; };
		C2B64D0E26D3F4CF00246414 /* LaunchScreen.storyboard in Resources */ = {isa = PBXBuildFile; fileRef = C2B64D0C26D3F4CF00246414 /* LaunchScreen.storyboard */; };
		C2B64D1726D3F91700246414 /* Networkmanager.swift in Sources */ = {isa = PBXBuildFile; fileRef = C2B64D1626D3F91700246414 /* Networkmanager.swift */; };
		C2B64D1926D3FA0900246414 /* PostData.swift in Sources */ = {isa = PBXBuildFile; fileRef = C2B64D1826D3FA0900246414 /* PostData.swift */; };
		C2B64D1C26D400F300246414 /* DetailView.swift in Sources */ = {isa = PBXBuildFile; fileRef = C2B64D1B26D400F300246414 /* DetailView.swift */; };
		C2B64D1E26D4074300246414 /* WebView.swift in Sources */ = {isa = PBXBuildFile; fileRef = C2B64D1D26D4074300246414 /* WebView.swift */; };
/* End PBXBuildFile section */

/* Begin PBXFileReference section */
		C2B64CFE26D3F4CE00246414 /* H4XOR News.app */ = {isa = PBXFileReference; explicitFileType = wrapper.application; includeInIndex = 0; path = "H4XOR News.app"; sourceTree = BUILT_PRODUCTS_DIR; };
		C2B64D0126D3F4CE00246414 /* AppDelegate.swift */ = {isa = PBXFileReference; lastKnownFileType = sourcecode.swift; path = AppDelegate.swift; sourceTree = "<group>"; };
		C2B64D0326D3F4CE00246414 /* SceneDelegate.swift */ = {isa = PBXFileReference; lastKnownFileType = sourcecode.swift; path = SceneDelegate.swift; sourceTree = "<group>"; };
		C2B64D0526D3F4CE00246414 /* ContentView.swift */ = {isa = PBXFileReference; lastKnownFileType = sourcecode.swift; path = ContentView.swift; sourceTree = "<group>"; };
		C2B64D0726D3F4CF00246414 /* Assets.xcassets */ = {isa = PBXFileReference; lastKnownFileType = folder.assetcatalog; path = Assets.xcassets; sourceTree = "<group>"; };
		C2B64D0A26D3F4CF00246414 /* Preview Assets.xcassets */ = {isa = PBXFileReference; lastKnownFileType = folder.assetcatalog; path = "Preview Assets.xcassets"; sourceTree = "<group>"; };
		C2B64D0D26D3F4CF00246414 /* Base */ = {isa = PBXFileReference; lastKnownFileType = file.storyboard; name = Base; path = Base.lproj/LaunchScreen.storyboard; sourceTree = "<group>"; };
		C2B64D0F26D3F4CF00246414 /* Info.plist */ = {isa = PBXFileReference; lastKnownFileType = text.plist.xml; path = Info.plist; sourceTree = "<group>"; };
		C2B64D1626D3F91700246414 /* Networkmanager.swift */ = {isa = PBXFileReference; lastKnownFileType = sourcecode.swift; path = Networkmanager.swift; sourceTree = "<group>"; };
		C2B64D1826D3FA0900246414 /* PostData.swift */ = {isa = PBXFileReference; lastKnownFileType = sourcecode.swift; path = PostData.swift; sourceTree = "<group>"; };
		C2B64D1B26D400F300246414 /* DetailView.swift */ = {isa = PBXFileReference; lastKnownFileType = sourcecode.swift; path = DetailView.swift; sourceTree = "<group>"; };
		C2B64D1D26D4074300246414 /* WebView.swift */ = {isa = PBXFileReference; lastKnownFileType = sourcecode.swift; path = WebView.swift; sourceTree = "<group>"; };
		C2B64D1F26D4086900246414 /* H4XOR News.entitlements */ = {isa = PBXFileReference; lastKnownFileType = text.plist.entitlements; path = "H4XOR News.entitlements"; sourceTree = "<group>"; };
/* End PBXFileReference section */

/* Begin PBXFrameworksBuildPhase section */
		C2B64CFB26D3F4CE00246414 /* Frameworks */ = {
			isa = PBXFrameworksBuildPhase;
			buildActionMask = 2147483647;
			files = (
			);
			runOnlyForDeploymentPostprocessing = 0;
		};
/* End PBXFrameworksBuildPhase section */

/* Begin PBXGroup section */
		C2B64CF526D3F4CE00246414 = {
			isa = PBXGroup;
			children = (
				C2B64D0026D3F4CE00246414 /* H4XOR News */,
				C2B64CFF26D3F4CE00246414 /* Products */,
			);
			sourceTree = "<group>";
		};
		C2B64CFF26D3F4CE00246414 /* Products */ = {
			isa = PBXGroup;
			children = (
				C2B64CFE26D3F4CE00246414 /* H4XOR News.app */,
			);
			name = Products;
			sourceTree = "<group>";
		};
		C2B64D0026D3F4CE00246414 /* H4XOR News */ = {
			isa = PBXGroup;
			children = (
				C2B64D1F26D4086900246414 /* H4XOR News.entitlements */,
				C2B64D1A26D400DA00246414 /* Views */,
				C2B64D1526D3F90200246414 /* Models */,
				C2B64D0126D3F4CE00246414 /* AppDelegate.swift */,
				C2B64D0326D3F4CE00246414 /* SceneDelegate.swift */,
				C2B64D0726D3F4CF00246414 /* Assets.xcassets */,
				C2B64D0C26D3F4CF00246414 /* LaunchScreen.storyboard */,
				C2B64D0F26D3F4CF00246414 /* Info.plist */,
				C2B64D0926D3F4CF00246414 /* Preview Content */,
			);
			path = "H4XOR News";
			sourceTree = "<group>";
		};
		C2B64D0926D3F4CF00246414 /* Preview Content */ = {
			isa = PBXGroup;
			children = (
				C2B64D0A26D3F4CF00246414 /* Preview Assets.xcassets */,
			);
			path = "Preview Content";
			sourceTree = "<group>";
		};
		C2B64D1526D3F90200246414 /* Models */ = {
			isa = PBXGroup;
			children = (
				C2B64D1626D3F91700246414 /* Networkmanager.swift */,
				C2B64D1826D3FA0900246414 /* PostData.swift */,
			);
			path = Models;
			sourceTree = "<group>";
		};
		C2B64D1A26D400DA00246414 /* Views */ = {
			isa = PBXGroup;
			children = (
				C2B64D0526D3F4CE00246414 /* ContentView.swift */,
				C2B64D1B26D400F300246414 /* DetailView.swift */,
				C2B64D1D26D4074300246414 /* WebView.swift */,
			);
			path = Views;
			sourceTree = "<group>";
		};
/* End PBXGroup section */

/* Begin PBXNativeTarget section */
		C2B64CFD26D3F4CE00246414 /* H4XOR News */ = {
			isa = PBXNativeTarget;
			buildConfigurationList = C2B64D1226D3F4CF00246414 /* Build configuration list for PBXNativeTarget "H4XOR News" */;
			buildPhases = (
				C2B64CFA26D3F4CE00246414 /* Sources */,
				C2B64CFB26D3F4CE00246414 /* Frameworks */,
				C2B64CFC26D3F4CE00246414 /* Resources */,
			);
			buildRules = (
			);
			dependencies = (
			);
			name = "H4XOR News";
			productName = "H4XOR News";
			productReference = C2B64CFE26D3F4CE00246414 /* H4XOR News.app */;
			productType = "com.apple.product-type.application";
		};
/* End PBXNativeTarget section */

/* Begin PBXProject section */
		C2B64CF626D3F4CE00246414 /* Project object */ = {
			isa = PBXProject;
			attributes = {
				LastSwiftUpdateCheck = 1250;
				LastUpgradeCheck = 1250;
				TargetAttributes = {
					C2B64CFD26D3F4CE00246414 = {
						CreatedOnToolsVersion = 12.5.1;
					};
				};
			};
			buildConfigurationList = C2B64CF926D3F4CE00246414 /* Build configuration list for PBXProject "H4XOR News" */;
			compatibilityVersion = "Xcode 9.3";
			developmentRegion = en;
			hasScannedForEncodings = 0;
			knownRegions = (
				en,
				Base,
			);
			mainGroup = C2B64CF526D3F4CE00246414;
			productRefGroup = C2B64CFF26D3F4CE00246414 /* Products */;
			projectDirPath = "";
			projectRoot = "";
			targets = (
				C2B64CFD26D3F4CE00246414 /* H4XOR News */,
			);
		};
/* End PBXProject section */

/* Begin PBXResourcesBuildPhase section */
		C2B64CFC26D3F4CE00246414 /* Resources */ = {
			isa = PBXResourcesBuildPhase;
			buildActionMask = 2147483647;
			files = (
				C2B64D0E26D3F4CF00246414 /* LaunchScreen.storyboard in Resources */,
				C2B64D0B26D3F4CF00246414 /* Preview Assets.xcassets in Resources */,
				C2B64D0826D3F4CF00246414 /* Assets.xcassets in Resources */,
			);
			runOnlyForDeploymentPostprocessing = 0;
		};
/* End PBXResourcesBuildPhase section */

/* Begin PBXSourcesBuildPhase section */
		C2B64CFA26D3F4CE00246414 /* Sources */ = {
			isa = PBXSourcesBuildPhase;
			buildActionMask = 2147483647;
			files = (
				C2B64D1926D3FA0900246414 /* PostData.swift in Sources */,
				C2B64D1C26D400F300246414 /* DetailView.swift in Sources */,
				C2B64D1726D3F91700246414 /* Networkmanager.swift in Sources */,
				C2B64D0226D3F4CE00246414 /* AppDelegate.swift in Sources */,
				C2B64D0426D3F4CE00246414 /* SceneDelegate.swift in Sources */,
				C2B64D0626D3F4CE00246414 /* ContentView.swift in Sources */,
				C2B64D1E26D4074300246414 /* WebView.swift in Sources */,
			);
			runOnlyForDeploymentPostprocessing = 0;
		};
/* End PBXSourcesBuildPhase section */

/* Begin PBXVariantGroup section */
		C2B64D0C26D3F4CF00246414 /* LaunchScreen.storyboard */ = {
			isa = PBXVariantGroup;
			children = (
				C2B64D0D26D3F4CF00246414 /* Base */,
			);
			name = LaunchScreen.storyboard;
			sourceTree = "<group>";
		};
/* End PBXVariantGroup section */

/* Begin XCBuildConfiguration section */
		C2B64D1026D3F4CF00246414 /* Debug */ = {
			isa = XCBuildConfiguration;
			buildSettings = {
				ALWAYS_SEARCH_USER_PATHS = NO;
				CLANG_ANALYZER_NONNULL = YES;
				CLANG_ANALYZER_NUMBER_OBJECT_CONVERSION = YES_AGGRESSIVE;
				CLANG_CXX_LANGUAGE_STANDARD = "gnu++14";
				CLANG_CXX_LIBRARY = "libc++";
				CLANG_ENABLE_MODULES = YES;
				CLANG_ENABLE_OBJC_ARC = YES;
				CLANG_ENABLE_OBJC_WEAK = YES;
				CLANG_WARN_BLOCK_CAPTURE_AUTORELEASING = YES;
				CLANG_WARN_BOOL_CONVERSION = YES;
				CLANG_WARN_COMMA = YES;
				CLANG_WARN_CONSTANT_CONVERSION = YES;
				CLANG_WARN_DEPRECATED_OBJC_IMPLEMENTATIONS = YES;
				CLANG_WARN_DIRECT_OBJC_ISA_USAGE = YES_ERROR;
				CLANG_WARN_DOCUMENTATION_COMMENTS = YES;
				CLANG_WARN_EMPTY_BODY = YES;
				CLANG_WARN_ENUM_CONVERSION = YES;
				CLANG_WARN_INFINITE_RECURSION = YES;
				CLANG_WARN_INT_CONVERSION = YES;
				CLANG_WARN_NON_LITERAL_NULL_CONVERSION = YES;
				CLANG_WARN_OBJC_IMPLICIT_RETAIN_SELF = YES;
				CLANG_WARN_OBJC_LITERAL_CONVERSION = YES;
				CLANG_WARN_OBJC_ROOT_CLASS = YES_ERROR;
				CLANG_WARN_QUOTED_INCLUDE_IN_FRAMEWORK_HEADER = YES;
				CLANG_WARN_RANGE_LOOP_ANALYSIS = YES;
				CLANG_WARN_STRICT_PROTOTYPES = YES;
				CLANG_WARN_SUSPICIOUS_MOVE = YES;
				CLANG_WARN_UNGUARDED_AVAILABILITY = YES_AGGRESSIVE;
				CLANG_WARN_UNREACHABLE_CODE = YES;
				CLANG_WARN__DUPLICATE_METHOD_MATCH = YES;
				COPY_PHASE_STRIP = NO;
				DEBUG_INFORMATION_FORMAT = dwarf;
				ENABLE_STRICT_OBJC_MSGSEND = YES;
				ENABLE_TESTABILITY = YES;
				GCC_C_LANGUAGE_STANDARD = gnu11;
				GCC_DYNAMIC_NO_PIC = NO;
				GCC_NO_COMMON_BLOCKS = YES;
				GCC_OPTIMIZATION_LEVEL = 0;
				GCC_PREPROCESSOR_DEFINITIONS = (
					"DEBUG=1",
					"$(inherited)",
				);
				GCC_WARN_64_TO_32_BIT_CONVERSION = YES;
				GCC_WARN_ABOUT_RETURN_TYPE = YES_ERROR;
				GCC_WARN_UNDECLARED_SELECTOR = YES;
				GCC_WARN_UNINITIALIZED_AUTOS = YES_AGGRESSIVE;
				GCC_WARN_UNUSED_FUNCTION = YES;
				GCC_WARN_UNUSED_VARIABLE = YES;
				IPHONEOS_DEPLOYMENT_TARGET = 14.5;
				MTL_ENABLE_DEBUG_INFO = INCLUDE_SOURCE;
				MTL_FAST_MATH = YES;
				ONLY_ACTIVE_ARCH = YES;
				SDKROOT = iphoneos;
				SWIFT_ACTIVE_COMPILATION_CONDITIONS = DEBUG;
				SWIFT_OPTIMIZATION_LEVEL = "-Onone";
			};
			name = Debug;
		};
		C2B64D1126D3F4CF00246414 /* Release */ = {
			isa = XCBuildConfiguration;
			buildSettings = {
				ALWAYS_SEARCH_USER_PATHS = NO;
				CLANG_ANALYZER_NONNULL = YES;
				CLANG_ANALYZER_NUMBER_OBJECT_CONVERSION = YES_AGGRESSIVE;
				CLANG_CXX_LANGUAGE_STANDARD = "gnu++14";
				CLANG_CXX_LIBRARY = "libc++";
				CLANG_ENABLE_MODULES = YES;
				CLANG_ENABLE_OBJC_ARC = YES;
				CLANG_ENABLE_OBJC_WEAK = YES;
				CLANG_WARN_BLOCK_CAPTURE_AUTORELEASING = YES;
				CLANG_WARN_BOOL_CONVERSION = YES;
				CLANG_WARN_COMMA = YES;
				CLANG_WARN_CONSTANT_CONVERSION = YES;
				CLANG_WARN_DEPRECATED_OBJC_IMPLEMENTATIONS = YES;
				CLANG_WARN_DIRECT_OBJC_ISA_USAGE = YES_ERROR;
				CLANG_WARN_DOCUMENTATION_COMMENTS = YES;
				CLANG_WARN_EMPTY_BODY = YES;
				CLANG_WARN_ENUM_CONVERSION = YES;
				CLANG_WARN_INFINITE_RECURSION = YES;
				CLANG_WARN_INT_CONVERSION = YES;
				CLANG_WARN_NON_LITERAL_NULL_CONVERSION = YES;
				CLANG_WARN_OBJC_IMPLICIT_RETAIN_SELF = YES;
				CLANG_WARN_OBJC_LITERAL_CONVERSION = YES;
				CLANG_WARN_OBJC_ROOT_CLASS = YES_ERROR;
				CLANG_WARN_QUOTED_INCLUDE_IN_FRAMEWORK_HEADER = YES;
				CLANG_WARN_RANGE_LOOP_ANALYSIS = YES;
				CLANG_WARN_STRICT_PROTOTYPES = YES;
				CLANG_WARN_SUSPICIOUS_MOVE = YES;
				CLANG_WARN_UNGUARDED_AVAILABILITY = YES_AGGRESSIVE;
				CLANG_WARN_UNREACHABLE_CODE = YES;
				CLANG_WARN__DUPLICATE_METHOD_MATCH = YES;
				COPY_PHASE_STRIP = NO;
				DEBUG_INFORMATION_FORMAT = "dwarf-with-dsym";
				ENABLE_NS_ASSERTIONS = NO;
				ENABLE_STRICT_OBJC_MSGSEND = YES;
				GCC_C_LANGUAGE_STANDARD = gnu11;
				GCC_NO_COMMON_BLOCKS = YES;
				GCC_WARN_64_TO_32_BIT_CONVERSION = YES;
				GCC_WARN_ABOUT_RETURN_TYPE = YES_ERROR;
				GCC_WARN_UNDECLARED_SELECTOR = YES;
				GCC_WARN_UNINITIALIZED_AUTOS = YES_AGGRESSIVE;
				GCC_WARN_UNUSED_FUNCTION = YES;
				GCC_WARN_UNUSED_VARIABLE = YES;
				IPHONEOS_DEPLOYMENT_TARGET = 14.5;
				MTL_ENABLE_DEBUG_INFO = NO;
				MTL_FAST_MATH = YES;
				SDKROOT = iphoneos;
				SWIFT_COMPILATION_MODE = wholemodule;
				SWIFT_OPTIMIZATION_LEVEL = "-O";
				VALIDATE_PRODUCT = YES;
			};
			name = Release;
		};
		C2B64D1326D3F4CF00246414 /* Debug */ = {
			isa = XCBuildConfiguration;
			buildSettings = {
				ASSETCATALOG_COMPILER_APPICON_NAME = AppIcon;
				ASSETCATALOG_COMPILER_GLOBAL_ACCENT_COLOR_NAME = AccentColor;
				CODE_SIGN_ENTITLEMENTS = "H4XOR News/H4XOR News.entitlements";
				CODE_SIGN_STYLE = Automatic;
				DEVELOPMENT_ASSET_PATHS = "\"H4XOR News/Preview Content\"";
				DEVELOPMENT_TEAM = 2VXBP2UH8J;
				ENABLE_PREVIEWS = YES;
				INFOPLIST_FILE = "H4XOR News/Info.plist";
				LD_RUNPATH_SEARCH_PATHS = (
					"$(inherited)",
					"@executable_path/Frameworks",
				);
				PRODUCT_BUNDLE_IDENTIFIER = "com.hyomin.H4XOR-News";
				PRODUCT_NAME = "$(TARGET_NAME)";
				SUPPORTS_MACCATALYST = YES;
				SWIFT_VERSION = 5.0;
				TARGETED_DEVICE_FAMILY = "1,2";
			};
			name = Debug;
		};
		C2B64D1426D3F4CF00246414 /* Release */ = {
			isa = XCBuildConfiguration;
			buildSettings = {
				ASSETCATALOG_COMPILER_APPICON_NAME = AppIcon;
				ASSETCATALOG_COMPILER_GLOBAL_ACCENT_COLOR_NAME = AccentColor;
				CODE_SIGN_ENTITLEMENTS = "H4XOR News/H4XOR News.entitlements";
				CODE_SIGN_STYLE = Automatic;
				DEVELOPMENT_ASSET_PATHS = "\"H4XOR News/Preview Content\"";
				DEVELOPMENT_TEAM = 2VXBP2UH8J;
				ENABLE_PREVIEWS = YES;
				INFOPLIST_FILE = "H4XOR News/Info.plist";
				LD_RUNPATH_SEARCH_PATHS = (
					"$(inherited)",
					"@executable_path/Frameworks",
				);
				PRODUCT_BUNDLE_IDENTIFIER = "com.hyomin.H4XOR-News";
				PRODUCT_NAME = "$(TARGET_NAME)";
				SUPPORTS_MACCATALYST = YES;
				SWIFT_VERSION = 5.0;
				TARGETED_DEVICE_FAMILY = "1,2";
			};
			name = Release;
		};
/* End XCBuildConfiguration section */

/* Begin XCConfigurationList section */
		C2B64CF926D3F4CE00246414 /* Build configuration list for PBXProject "H4XOR News" */ = {
			isa = XCConfigurationList;
			buildConfigurations = (
				C2B64D1026D3F4CF00246414 /* Debug */,
				C2B64D1126D3F4CF00246414 /* Release */,
			);
			defaultConfigurationIsVisible = 0;
			defaultConfigurationName = Release;
		};
		C2B64D1226D3F4CF00246414 /* Build configuration list for PBXNativeTarget "H4XOR News" */ = {
			isa = XCConfigurationList;
			buildConfigurations = (
				C2B64D1326D3F4CF00246414 /* Debug */,
				C2B64D1426D3F4CF00246414 /* Release */,
			);
			defaultConfigurationIsVisible = 0;
			defaultConfigurationName = Release;
		};
/* End XCConfigurationList section */
	};
	rootObject = C2B64CF626D3F4CE00246414 /* Project object */;
}
